Microsoft Visual Studio Solution File, Format Version 12.00
# Visual Studio Version 17
VisualStudioVersion = 17.12.35514.174
MinimumVisualStudioVersion = 10.0.40219.1
Global
	GlobalSection(SolutionProperties) = preSolution
		HideSolutionNode = FALSE
	EndGlobalSection
	GlobalSection(ExtensibilityGlobals) = postSolution
		SolutionGuid = {21B32A9A-1F44-420E-A89B-4D886FE72D24}
	EndGlobalSection
EndGlobal
[WARNING] --raw-output is enabled. Model output is not sanitized and may contain harmful ANSI sequences (e.g. for phishing or command injection). Use --accept-raw-output-risk to suppress this warning.